
Microsoft Visual Studio Solution File, Format Version 12.00
# Visual Studio 15
VisualStudioVersion = 15.0.26730.12
MinimumVisualStudioVersion = 10.0.40219.1
Project("{FAE04EC0-301F-11D3-BF4B-00C04F79EFBC}") = "BOM", "BOM\BOM.csproj", "{263FEC1F-C676-4526-AA60-38266C6842AC}"
EndProject
Project("{FAE04EC0-301F-11D3-BF4B-00C04F79EFBC}") = "DBAccess", "DBAccess\DBAccess.csproj", "{F869AE6D-3DDC-45D3-B457-CAA6FBE18003}"
EndProject
Global
	GlobalSection(SolutionConfigurationPlatforms) = preSolution
		Debug|Any CPU = Debug|Any CPU
		Release|Any CPU = Release|Any CPU
	EndGlobalSection
	GlobalSection(ProjectConfigurationPlatforms) = postSolution
		{263FEC1F-C676-4526-AA60-38266C6842AC}.Debug|Any CPU.ActiveCfg = Debug|Any CPU
		{263FEC1F-C676-4526-AA60-38266C6842AC}.Debug|Any CPU.Build.0 = Debug|Any CPU
		{263FEC1F-C676-4526-AA60-38266C6842AC}.Release|Any CPU.ActiveCfg = Release|Any CPU
		{263FEC1F-C676-4526-AA60-38266C6842AC}.Release|Any CPU.Build.0 = Release|Any CPU
		{F869AE6D-3DDC-45D3-B457-CAA6FBE18003}.Debug|Any CPU.ActiveCfg = Debug|Any CPU
		{F869AE6D-3DDC-45D3-B457-CAA6FBE18003}.Debug|Any CPU.Build.0 = Debug|Any CPU
		{F869AE6D-3DDC-45D3-B457-CAA6FBE18003}.Release|Any CPU.ActiveCfg = Release|Any CPU
		{F869AE6D-3DDC-45D3-B457-CAA6FBE18003}.Release|Any CPU.Build.0 = Release|Any CPU
	EndGlobalSection
	GlobalSection(SolutionProperties) = preSolution
		HideSolutionNode = FALSE
	EndGlobalSection
	GlobalSection(ExtensibilityGlobals) = postSolution
		SolutionGuid = {C35C7D0C-1FBB-4BF6-A956-9AA8C52F3EFA}
	EndGlobalSection
EndGlobal
